{
  "name": "writer",
  "version": "0.0.1",
  "lockfileVersion": 3,
  "requires": true,
  "packages": {
    "": {
      "name": "writer",
      "version": "0.0.1",
      "license": "UNLICENSED",
      "dependencies": {
        "bytes": "^2.5.0",
        "lodash": "^4.17.21",
        "random-js": "^1.0.8",
        "randomstring": "^1.3.0"
      },
      "devDependencies": {
        "@types/bytes": "^3.1.4",
        "@types/random-js": "^1.0.31",
        "@types/randomstring": "^1.3.0"
      }
    },
    "node_modules/@types/bytes": {
      "version": "3.1.4",
      "resolved": "https://registry.npmjs.org/@types/bytes/-/bytes-3.1.4.tgz",
      "integrity": "sha512-A0uYgOj3zNc4hNjHc5lYUfJQ/HVyBXiUMKdXd7ysclaE6k9oJdavQzODHuwjpUu2/boCP8afjQYi8z/GtvNCWA==",
      "dev": true,
      "license": "MIT"
    },
    "node_modules/@types/random-js": {
      "version": "1.0.31",
      "resolved": "https://registry.npmjs.org/@types/random-js/-/random-js-1.0.31.tgz",
      "integrity": "sha512-EAM56DrKw3VhcE4HV0/YlVKeJI07We4Mz1ra6TNtZpaMoiBVMA2bkLEcoFpYOyxoDXfVZWojxkR617LTqtRI0A==",
      "dev": true,
      "license": "MIT"
    },
    "node_modules/@types/randomstring": {
      "version": "1.3.0",
      "resolved": "https://registry.npmjs.org/@types/randomstring/-/randomstring-1.3.0.tgz",
      "integrity": "sha512-kCP61wludjY7oNUeFiMxfswHB3Wn/aC03Cu82oQsNTO6OCuhVN/rCbBs68Cq6Nkgjmp2Sh3Js6HearJPkk7KQA==",
      "dev": true,
      "license": "MIT"
    },
    "node_modules/bytes": {
      "version": "2.5.0",
      "resolved": "https://registry.npmjs.org/bytes/-/bytes-2.5.0.tgz",
      "integrity": "sha512-hkQtlCqf2f67v+GDlR9DImH1Bu/DxA/yNR7EmnbxCgxYgm4u7rLTJw8LYJdttHOl+H+++Fv0SQF7PgXAtqkfVg==",
      "license": "MIT",
      "engines": {
        "node": ">= 0.6"
      }
    },
    "node_modules/lodash": {
      "version": "4.17.21",
      "resolved": "https://registry.npmjs.org/lodash/-/lodash-4.17.21.tgz",
      "integrity": "sha512-v2kDEe57lecTulaDIuNTPy3Ry4gLGJ6Z1O3vE1krgXZNrsQ+LFTGHVxVjcXPs17LhbZVGedAJv8XZ1tvj5FvSg==",
      "license": "MIT"
    },
    "node_modules/random-js": {
      "version": "1.0.8",
      "resolved": "https://registry.npmjs.org/random-js/-/random-js-1.0.8.tgz",
      "integrity": "sha512-LznfUohEMi6jfwZXa0C5uY1p1tciZozzMiwf9LGlwj52tfvpHozYklHHkrvh2Ya/mdiJ9qPGXR6byVN7+hCMTw==",
      "license": "MIT"
    },
    "node_modules/randombytes": {
      "version": "2.0.3",
      "resolved": "https://registry.npmjs.org/randombytes/-/randombytes-2.0.3.tgz",
      "integrity": "sha512-lDVjxQQFoCG1jcrP06LNo2lbWp4QTShEXnhActFBwYuHprllQV6VUpwreApsYqCgD+N1mHoqJ/BI/4eV4R2GYg==",
      "license": "MIT"
    },
    "node_modules/randomstring": {
      "version": "1.3.0",
      "resolved": "https://registry.npmjs.org/randomstring/-/randomstring-1.3.0.tgz",
      "integrity": "sha512-gY7aQ4i1BgwZ8I1Op4YseITAyiDiajeZOPQUbIq9TPGPhUm5FX59izIaOpmKbME1nmnEiABf28d9K2VSii6BBg==",
      "license": "MIT",
      "dependencies": {
        "randombytes": "2.0.3"
      },
      "bin": {
        "randomstring": "bin/randomstring"
      },
      "engines": {
        "node": "*"
      }
    }
  }
}
